
Microsoft Visual Studio Solution File, Format Version 12.00
# Visual Studio Version 17
VisualStudioVersion = 17.8.34525.116
MinimumVisualStudioVersion = 10.0.40219.1
Project("{FAE04EC0-301F-11D3-BF4B-00C04F79EFBC}") = "Gussinggame", "Gussinggame\Gussinggame.csproj", "{297D6BE9-7A5D-462F-9D88-401494706556}"
EndProject
Global
	GlobalSection(SolutionConfigurationPlatforms) = preSolution
		Debug|Any CPU = Debug|Any CPU
		Release|Any CPU = Release|Any CPU
	EndGlobalSection
	GlobalSection(ProjectConfigurationPlatforms) = postSolution
		{297D6BE9-7A5D-462F-9D88-401494706556}.Debug|Any CPU.ActiveCfg = Debug|Any CPU
		{297D6BE9-7A5D-462F-9D88-401494706556}.Debug|Any CPU.Build.0 = Debug|Any CPU
		{297D6BE9-7A5D-462F-9D88-401494706556}.Release|Any CPU.ActiveCfg = Release|Any CPU
		{297D6BE9-7A5D-462F-9D88-401494706556}.Release|Any CPU.Build.0 = Release|Any CPU
	EndGlobalSection
	GlobalSection(SolutionProperties) = preSolution
		HideSolutionNode = FALSE
	EndGlobalSection
	GlobalSection(ExtensibilityGlobals) = postSolution
		SolutionGuid = {6A4ABD22-39F9-446B-A3F9-15D111574EE7}
	EndGlobalSection
EndGlobal
